
Microsoft Visual Studio Solution File, Format Version 12.00
# Visual Studio Version 16
VisualStudioVersion = 16.0.29806.167
MinimumVisualStudioVersion = 10.0.40219.1
Project("{FAE04EC0-301F-11D3-BF4B-00C04F79EFBC}") = "Conway Project", "Conway Project\Conway Project.csproj", "{E6268897-DACE-4850-A4A7-1D3A204745B7}"
EndProject
Global
	GlobalSection(SolutionConfigurationPlatforms) = preSolution
		Debug|Any CPU = Debug|Any CPU
		Release|Any CPU = Release|Any CPU
	EndGlobalSection
	GlobalSection(ProjectConfigurationPlatforms) = postSolution
		{E6268897-DACE-4850-A4A7-1D3A204745B7}.Debug|Any CPU.ActiveCfg = Debug|Any CPU
		{E6268897-DACE-4850-A4A7-1D3A204745B7}.Debug|Any CPU.Build.0 = Debug|Any CPU
		{E6268897-DACE-4850-A4A7-1D3A204745B7}.Release|Any CPU.ActiveCfg = Release|Any CPU
		{E6268897-DACE-4850-A4A7-1D3A204745B7}.Release|Any CPU.Build.0 = Release|Any CPU
	EndGlobalSection
	GlobalSection(SolutionProperties) = preSolution
		HideSolutionNode = FALSE
	EndGlobalSection
	GlobalSection(ExtensibilityGlobals) = postSolution
		SolutionGuid = {EDF75241-A1F3-4E67-BEE8-81444054EFAC}
	EndGlobalSection
EndGlobal
